
Microsoft Visual Studio Solution File, Format Version 12.00
# Visual Studio Version 17
VisualStudioVersion = 17.8.34525.116
MinimumVisualStudioVersion = 10.0.40219.1
Project("{9A19103F-16F7-4668-BE54-9A1E7A4F7556}") = "ChessGPT.PL", "ChessGPT.PL\ChessGPT.PL.csproj", "{6E3FEFFC-A320-4855-82AD-93D77B306736}"
EndProject
Project("{9A19103F-16F7-4668-BE54-9A1E7A4F7556}") = "ChessGPT.PL.Test", "ChessGPT.PL.Test\ChessGPT.PL.Test.csproj", "{DBFC8B9D-437F-4F5D-87BB-7FCF20E98500}"
EndProject
Project("{9A19103F-16F7-4668-BE54-9A1E7A4F7556}") = "ChessGPT.MigrationHandler", "ChessGPT.MigrationHandler\ChessGPT.MigrationHandler.csproj", "{611E7436-B8A3-466D-B884-0DBF2453C40C}"
EndProject
Project("{9A19103F-16F7-4668-BE54-9A1E7A4F7556}") = "ChessGPT.BL.Models", "ChessGPT.BL.Models\ChessGPT.BL.Models.csproj", "{E5B8F632-13C3-4F53-869A-9B0BF38C6F60}"
EndProject
Project("{9A19103F-16F7-4668-BE54-9A1E7A4F7556}") = "ChessGPT.BL", "ChessGPT.BL\ChessGPT.BL.csproj", "{D7A8322D-9F65-427F-8701-B07241728C99}"
EndProject
Project("{9A19103F-16F7-4668-BE54-9A1E7A4F7556}") = "ChessGPT.BL.Test", "ChessGPT.BL.Test\ChessGPT.BL.Test.csproj", "{1FAD38BE-C3D6-4412-89A0-554BC5238189}"
EndProject
Project("{9A19103F-16F7-4668-BE54-9A1E7A4F7556}") = "ChessGPT.API", "ChessGPT.API\ChessGPT.API.csproj", "{9E666BF1-26A1-4206-AF3F-9AA99D6FA146}"
EndProject
Global
	GlobalSection(SolutionConfigurationPlatforms) = preSolution
		Debug|Any CPU = Debug|Any CPU
		Release|Any CPU = Release|Any CPU
	EndGlobalSection
	GlobalSection(ProjectConfigurationPlatforms) = postSolution
		{6E3FEFFC-A320-4855-82AD-93D77B306736}.Debug|Any CPU.ActiveCfg = Debug|Any CPU
		{6E3FEFFC-A320-4855-82AD-93D77B306736}.Debug|Any CPU.Build.0 = Debug|Any CPU
		{6E3FEFFC-A320-4855-82AD-93D77B306736}.Release|Any CPU.ActiveCfg = Release|Any CPU
		{6E3FEFFC-A320-4855-82AD-93D77B306736}.Release|Any CPU.Build.0 = Release|Any CPU
		{DBFC8B9D-437F-4F5D-87BB-7FCF20E98500}.Debug|Any CPU.ActiveCfg = Debug|Any CPU
		{DBFC8B9D-437F-4F5D-87BB-7FCF20E98500}.Debug|Any CPU.Build.0 = Debug|Any CPU
		{DBFC8B9D-437F-4F5D-87BB-7FCF20E98500}.Release|Any CPU.ActiveCfg = Release|Any CPU
		{DBFC8B9D-437F-4F5D-87BB-7FCF20E98500}.Release|Any CPU.Build.0 = Release|Any CPU
		{611E7436-B8A3-466D-B884-0DBF2453C40C}.Debug|Any CPU.ActiveCfg = Debug|Any CPU
		{611E7436-B8A3-466D-B884-0DBF2453C40C}.Debug|Any CPU.Build.0 = Debug|Any CPU
		{611E7436-B8A3-466D-B884-0DBF2453C40C}.Release|Any CPU.ActiveCfg = Release|Any CPU
		{611E7436-B8A3-466D-B884-0DBF2453C40C}.Release|Any CPU.Build.0 = Release|Any CPU
		{E5B8F632-13C3-4F53-869A-9B0BF38C6F60}.Debug|Any CPU.ActiveCfg = Debug|Any CPU
		{E5B8F632-13C3-4F53-869A-9B0BF38C6F60}.Debug|Any CPU.Build.0 = Debug|Any CPU
		{E5B8F632-13C3-4F53-869A-9B0BF38C6F60}.Release|Any CPU.ActiveCfg = Release|Any CPU
		{E5B8F632-13C3-4F53-869A-9B0BF38C6F60}.Release|Any CPU.Build.0 = Release|Any CPU
		{D7A8322D-9F65-427F-8701-B07241728C99}.Debug|Any CPU.ActiveCfg = Debug|Any CPU
		{D7A8322D-9F65-427F-8701-B07241728C99}.Debug|Any CPU.Build.0 = Debug|Any CPU
		{D7A8322D-9F65-427F-8701-B07241728C99}.Release|Any CPU.ActiveCfg = Release|Any CPU
		{D7A8322D-9F65-427F-8701-B07241728C99}.Release|Any CPU.Build.0 = Release|Any CPU
		{1FAD38BE-C3D6-4412-89A0-554BC5238189}.Debug|Any CPU.ActiveCfg = Debug|Any CPU
		{1FAD38BE-C3D6-4412-89A0-554BC5238189}.Debug|Any CPU.Build.0 = Debug|Any CPU
		{1FAD38BE-C3D6-4412-89A0-554BC5238189}.Release|Any CPU.ActiveCfg = Release|Any CPU
		{1FAD38BE-C3D6-4412-89A0-554BC5238189}.Release|Any CPU.Build.0 = Release|Any CPU
		{9E666BF1-26A1-4206-AF3F-9AA99D6FA146}.Debug|Any CPU.ActiveCfg = Debug|Any CPU
		{9E666BF1-26A1-4206-AF3F-9AA99D6FA146}.Debug|Any CPU.Build.0 = Debug|Any CPU
		{9E666BF1-26A1-4206-AF3F-9AA99D6FA146}.Release|Any CPU.ActiveCfg = Release|Any CPU
		{9E666BF1-26A1-4206-AF3F-9AA99D6FA146}.Release|Any CPU.Build.0 = Release|Any CPU
	EndGlobalSection
	GlobalSection(SolutionProperties) = preSolution
		HideSolutionNode = FALSE
	EndGlobalSection
	GlobalSection(ExtensibilityGlobals) = postSolution
		SolutionGuid = {3E0A64C8-06A6-4293-AB6E-F88904B7AEBB}
	EndGlobalSection
EndGlobal
